
Microsoft Visual Studio Solution File, Format Version 12.00
# Visual Studio Version 17
VisualStudioVersion = 17.5.33424.131
MinimumVisualStudioVersion = 10.0.40219.1
Project("{8BC9CEB8-8B4A-11D0-8D11-00A0C91BC942}") = "OnlineClass", "OnlineClass\OnlineClass.vcxproj", "{E971F54C-DE55-440F-A604-A83510AD452F}"
EndProject
Project("{8BC9CEB8-8B4A-11D0-8D11-00A0C91BC942}") = "OnlineClass_Looping2", "OnlineClass_Looping2\OnlineClass_Looping2.vcxproj", "{DBD179A0-84FD-449A-962A-3ACAD5DAF66B}"
EndProject
Global
	GlobalSection(SolutionConfigurationPlatforms) = preSolution
		Debug|x64 = Debug|x64
		Debug|x86 = Debug|x86
		Release|x64 = Release|x64
		Release|x86 = Release|x86
	EndGlobalSection
	GlobalSection(ProjectConfigurationPlatforms) = postSolution
		{E971F54C-DE55-440F-A604-A83510AD452F}.Debug|x64.ActiveCfg = Debug|x64
		{E971F54C-DE55-440F-A604-A83510AD452F}.Debug|x64.Build.0 = Debug|x64
		{E971F54C-DE55-440F-A604-A83510AD452F}.Debug|x86.ActiveCfg = Debug|Win32
		{E971F54C-DE55-440F-A604-A83510AD452F}.Debug|x86.Build.0 = Debug|Win32
		{E971F54C-DE55-440F-A604-A83510AD452F}.Release|x64.ActiveCfg = Release|x64
		{E971F54C-DE55-440F-A604-A83510AD452F}.Release|x64.Build.0 = Release|x64
		{E971F54C-DE55-440F-A604-A83510AD452F}.Release|x86.ActiveCfg = Release|Win32
		{E971F54C-DE55-440F-A604-A83510AD452F}.Release|x86.Build.0 = Release|Win32
		{DBD179A0-84FD-449A-962A-3ACAD5DAF66B}.Debug|x64.ActiveCfg = Debug|x64
		{DBD179A0-84FD-449A-962A-3ACAD5DAF66B}.Debug|x64.Build.0 = Debug|x64
		{DBD179A0-84FD-449A-962A-3ACAD5DAF66B}.Debug|x86.ActiveCfg = Debug|Win32
		{DBD179A0-84FD-449A-962A-3ACAD5DAF66B}.Debug|x86.Build.0 = Debug|Win32
		{DBD179A0-84FD-449A-962A-3ACAD5DAF66B}.Release|x64.ActiveCfg = Release|x64
		{DBD179A0-84FD-449A-962A-3ACAD5DAF66B}.Release|x64.Build.0 = Release|x64
		{DBD179A0-84FD-449A-962A-3ACAD5DAF66B}.Release|x86.ActiveCfg = Release|Win32
		{DBD179A0-84FD-449A-962A-3ACAD5DAF66B}.Release|x86.Build.0 = Release|Win32
	EndGlobalSection
	GlobalSection(SolutionProperties) = preSolution
		HideSolutionNode = FALSE
	EndGlobalSection
	GlobalSection(ExtensibilityGlobals) = postSolution
		SolutionGuid = {DABC8E39-07D2-455A-8F45-7A2216CCFE65}
	EndGlobalSection
EndGlobal
